{
  "object": {
    "pins": [
      {
        "package": "arti-ios",
        "repositoryURL": "https://github.com/c4dt/arti-ios.git",
        "state": {
          "branch": null,
          "revision": "81a84555efa8995b39604f51a7a87ffeca72f19f",
          "version": "0.3.1"
        }
      }
    ]
  },
  "version": 1
}
