{
  "object": {
    "pins": [
      {
        "package": "arti-ios",
        "repositoryURL": "https://github.com/c4dt/arti-ios.git",
        "state": {
          "branch": null,
          "revision": "019332301c0903959899e5cfa689166e3d7c9aec",
          "version": "0.2.2"
        }
      }
    ]
  },
  "version": 1
}
